
Microsoft Visual Studio Solution File, Format Version 12.00
# Visual Studio Version 16
VisualStudioVersion = 16.0.30804.86
MinimumVisualStudioVersion = 10.0.40219.1
Project("{9A19103F-16F7-4668-BE54-9A1E7A4F7556}") = "Entities", "Entities\Entities.csproj", "{04A6686D-C719-4A58-8D16-2A24AEBFD121}"
EndProject
Project("{9A19103F-16F7-4668-BE54-9A1E7A4F7556}") = "DataAccess", "DataAccess\DataAccess.csproj", "{BC045B17-20FE-411C-930E-81E501DA771C}"
EndProject
Project("{9A19103F-16F7-4668-BE54-9A1E7A4F7556}") = "Business", "Business\Business.csproj", "{420FF6DF-A91E-437F-ACF6-F1A0F95E3A62}"
EndProject
Project("{9A19103F-16F7-4668-BE54-9A1E7A4F7556}") = "ConsoleUI", "ConsoleUI\ConsoleUI.csproj", "{C49992DD-6C32-48E5-ADEE-5BB348BC9084}"
EndProject
Project("{FAE04EC0-301F-11D3-BF4B-00C04F79EFBC}") = "Core", "Core\Core.csproj", "{B7334012-D9A0-4617-A59D-DBA7E2968182}"
EndProject
Global
	GlobalSection(SolutionConfigurationPlatforms) = preSolution
		Debug|Any CPU = Debug|Any CPU
		Release|Any CPU = Release|Any CPU
	EndGlobalSection
	GlobalSection(ProjectConfigurationPlatforms) = postSolution
		{04A6686D-C719-4A58-8D16-2A24AEBFD121}.Debug|Any CPU.ActiveCfg = Debug|Any CPU
		{04A6686D-C719-4A58-8D16-2A24AEBFD121}.Debug|Any CPU.Build.0 = Debug|Any CPU
		{04A6686D-C719-4A58-8D16-2A24AEBFD121}.Release|Any CPU.ActiveCfg = Release|Any CPU
		{04A6686D-C719-4A58-8D16-2A24AEBFD121}.Release|Any CPU.Build.0 = Release|Any CPU
		{BC045B17-20FE-411C-930E-81E501DA771C}.Debug|Any CPU.ActiveCfg = Debug|Any CPU
		{BC045B17-20FE-411C-930E-81E501DA771C}.Debug|Any CPU.Build.0 = Debug|Any CPU
		{BC045B17-20FE-411C-930E-81E501DA771C}.Release|Any CPU.ActiveCfg = Release|Any CPU
		{BC045B17-20FE-411C-930E-81E501DA771C}.Release|Any CPU.Build.0 = Release|Any CPU
		{420FF6DF-A91E-437F-ACF6-F1A0F95E3A62}.Debug|Any CPU.ActiveCfg = Debug|Any CPU
		{420FF6DF-A91E-437F-ACF6-F1A0F95E3A62}.Debug|Any CPU.Build.0 = Debug|Any CPU
		{420FF6DF-A91E-437F-ACF6-F1A0F95E3A62}.Release|Any CPU.ActiveCfg = Release|Any CPU
		{420FF6DF-A91E-437F-ACF6-F1A0F95E3A62}.Release|Any CPU.Build.0 = Release|Any CPU
		{C49992DD-6C32-48E5-ADEE-5BB348BC9084}.Debug|Any CPU.ActiveCfg = Debug|Any CPU
		{C49992DD-6C32-48E5-ADEE-5BB348BC9084}.Debug|Any CPU.Build.0 = Debug|Any CPU
		{C49992DD-6C32-48E5-ADEE-5BB348BC9084}.Release|Any CPU.ActiveCfg = Release|Any CPU
		{C49992DD-6C32-48E5-ADEE-5BB348BC9084}.Release|Any CPU.Build.0 = Release|Any CPU
		{B7334012-D9A0-4617-A59D-DBA7E2968182}.Debug|Any CPU.ActiveCfg = Debug|Any CPU
		{B7334012-D9A0-4617-A59D-DBA7E2968182}.Debug|Any CPU.Build.0 = Debug|Any CPU
		{B7334012-D9A0-4617-A59D-DBA7E2968182}.Release|Any CPU.ActiveCfg = Release|Any CPU
		{B7334012-D9A0-4617-A59D-DBA7E2968182}.Release|Any CPU.Build.0 = Release|Any CPU
	EndGlobalSection
	GlobalSection(SolutionProperties) = preSolution
		HideSolutionNode = FALSE
	EndGlobalSection
	GlobalSection(ExtensibilityGlobals) = postSolution
		SolutionGuid = {C2A2F753-AF80-44D5-A5DB-6EAFE390802D}
	EndGlobalSection
EndGlobal
